// !$*UTF8*$!
{
	archiveVersion = 1;
	classes = {
	};
	objectVersion = 50;
	objects = {

/* Begin PBXBuildFile section */
		7F1E5B9825A2A6FC00426BCD /* AppDelegate.swift in Sources */ = {isa = PBXBuildFile; fileRef = 7F1E5B9725A2A6FC00426BCD /* AppDelegate.swift */; };
		7F1E5B9A25A2A6FC00426BCD /* SceneDelegate.swift in Sources */ = {isa = PBXBuildFile; fileRef = 7F1E5B9925A2A6FC00426BCD /* SceneDelegate.swift */; };
		7F1E5B9C25A2A6FC00426BCD /* ViewController.swift in Sources */ = {isa = PBXBuildFile; fileRef = 7F1E5B9B25A2A6FC00426BCD /* ViewController.swift */; };
		7F1E5B9F25A2A6FC00426BCD /* Main.storyboard in Resources */ = {isa = PBXBuildFile; fileRef = 7F1E5B9D25A2A6FC00426BCD /* Main.storyboard */; };
		7F1E5BA125A2A6FC00426BCD /* Assets.xcassets in Resources */ = {isa = PBXBuildFile; fileRef = 7F1E5BA025A2A6FC00426BCD /* Assets.xcassets */; };
		7F1E5BA425A2A6FC00426BCD /* LaunchScreen.storyboard in Resources */ = {isa = PBXBuildFile; fileRef = 7F1E5BA225A2A6FC00426BCD /* LaunchScreen.storyboard */; };
		7F1E5BAF25A2A6FC00426BCD /* NoviceGuideDemoTests.swift in Sources */ = {isa = PBXBuildFile; fileRef = 7F1E5BAE25A2A6FC00426BCD /* NoviceGuideDemoTests.swift */; };
		7F1E5BBA25A2A6FD00426BCD /* NoviceGuideDemoUITests.swift in Sources */ = {isa = PBXBuildFile; fileRef = 7F1E5BB925A2A6FD00426BCD /* NoviceGuideDemoUITests.swift */; };
		7F1E5BCC25A2AA3600426BCD /* HYNoviceGuideManager.swift in Sources */ = {isa = PBXBuildFile; fileRef = 7F1E5BCB25A2AA3600426BCD /* HYNoviceGuideManager.swift */; };
		7F1E5BD225A2B2F400426BCD /* CircularGuideConfigModel.swift in Sources */ = {isa = PBXBuildFile; fileRef = 7F1E5BD125A2B2F400426BCD /* CircularGuideConfigModel.swift */; };
		7F1E5BDA25A2B31300426BCD /* RectangleGuideConfigModel.swift in Sources */ = {isa = PBXBuildFile; fileRef = 7F1E5BD925A2B31300426BCD /* RectangleGuideConfigModel.swift */; };
		7F1E5BDF25A2B38B00426BCD /* BaseGuideConfigModel.swift in Sources */ = {isa = PBXBuildFile; fileRef = 7F1E5BDE25A2B38B00426BCD /* BaseGuideConfigModel.swift */; };
/* End PBXBuildFile section */

/* Begin PBXContainerItemProxy section */
		7F1E5BAB25A2A6FC00426BCD /* PBXContainerItemProxy */ = {
			isa = PBXContainerItemProxy;
			containerPortal = 7F1E5B8C25A2A6FC00426BCD /* Project object */;
			proxyType = 1;
			remoteGlobalIDString = 7F1E5B9325A2A6FC00426BCD;
			remoteInfo = NoviceGuideDemo;
		};
		7F1E5BB625A2A6FD00426BCD /* PBXContainerItemProxy */ = {
			isa = PBXContainerItemProxy;
			containerPortal = 7F1E5B8C25A2A6FC00426BCD /* Project object */;
			proxyType = 1;
			remoteGlobalIDString = 7F1E5B9325A2A6FC00426BCD;
			remoteInfo = NoviceGuideDemo;
		};
/* End PBXContainerItemProxy section */

/* Begin PBXFileReference section */
		7F1E5B9425A2A6FC00426BCD /* NoviceGuideDemo.app */ = {isa = PBXFileReference; explicitFileType = wrapper.application; includeInIndex = 0; path = NoviceGuideDemo.app; sourceTree = BUILT_PRODUCTS_DIR; };
		7F1E5B9725A2A6FC00426BCD /* AppDelegate.swift */ = {isa = PBXFileReference; lastKnownFileType = sourcecode.swift; path = AppDelegate.swift; sourceTree = "<group>"; };
		7F1E5B9925A2A6FC00426BCD /* SceneDelegate.swift */ = {isa = PBXFileReference; lastKnownFileType = sourcecode.swift; path = SceneDelegate.swift; sourceTree = "<group>"; };
		7F1E5B9B25A2A6FC00426BCD /* ViewController.swift */ = {isa = PBXFileReference; lastKnownFileType = sourcecode.swift; path = ViewController.swift; sourceTree = "<group>"; };
		7F1E5B9E25A2A6FC00426BCD /* Base */ = {isa = PBXFileReference; lastKnownFileType = file.storyboard; name = Base; path = Base.lproj/Main.storyboard; sourceTree = "<group>"; };
		7F1E5BA025A2A6FC00426BCD /* Assets.xcassets */ = {isa = PBXFileReference; lastKnownFileType = folder.assetcatalog; path = Assets.xcassets; sourceTree = "<group>"; };
		7F1E5BA325A2A6FC00426BCD /* Base */ = {isa = PBXFileReference; lastKnownFileType = file.storyboard; name = Base; path = Base.lproj/LaunchScreen.storyboard; sourceTree = "<group>"; };
		7F1E5BA525A2A6FC00426BCD /* Info.plist */ = {isa = PBXFileReference; lastKnownFileType = text.plist.xml; path = Info.plist; sourceTree = "<group>"; };
		7F1E5BAA25A2A6FC00426BCD /* NoviceGuideDemoTests.xctest */ = {isa = PBXFileReference; explicitFileType = wrapper.cfbundle; includeInIndex = 0; path = NoviceGuideDemoTests.xctest; sourceTree = BUILT_PRODUCTS_DIR; };
		7F1E5BAE25A2A6FC00426BCD /* NoviceGuideDemoTests.swift */ = {isa = PBXFileReference; lastKnownFileType = sourcecode.swift; path = NoviceGuideDemoTests.swift; sourceTree = "<group>"; };
		7F1E5BB025A2A6FC00426BCD /* Info.plist */ = {isa = PBXFileReference; lastKnownFileType = text.plist.xml; path = Info.plist; sourceTree = "<group>"; };
		7F1E5BB525A2A6FD00426BCD /* NoviceGuideDemoUITests.xctest */ = {isa = PBXFileReference; explicitFileType = wrapper.cfbundle; includeInIndex = 0; path = NoviceGuideDemoUITests.xctest; sourceTree = BUILT_PRODUCTS_DIR; };
		7F1E5BB925A2A6FD00426BCD /* NoviceGuideDemoUITests.swift */ = {isa = PBXFileReference; lastKnownFileType = sourcecode.swift; path = NoviceGuideDemoUITests.swift; sourceTree = "<group>"; };
		7F1E5BBB25A2A6FD00426BCD /* Info.plist */ = {isa = PBXFileReference; lastKnownFileType = text.plist.xml; path = Info.plist; sourceTree = "<group>"; };
		7F1E5BCB25A2AA3600426BCD /* HYNoviceGuideManager.swift */ = {isa = PBXFileReference; fileEncoding = 4; lastKnownFileType = sourcecode.swift; path = HYNoviceGuideManager.swift; sourceTree = "<group>"; };
		7F1E5BD125A2B2F400426BCD /* CircularGuideConfigModel.swift */ = {isa = PBXFileReference; lastKnownFileType = sourcecode.swift; path = CircularGuideConfigModel.swift; sourceTree = "<group>"; };
		7F1E5BD925A2B31300426BCD /* RectangleGuideConfigModel.swift */ = {isa = PBXFileReference; lastKnownFileType = sourcecode.swift; path = RectangleGuideConfigModel.swift; sourceTree = "<group>"; };
		7F1E5BDE25A2B38B00426BCD /* BaseGuideConfigModel.swift */ = {isa = PBXFileReference; lastKnownFileType = sourcecode.swift; path = BaseGuideConfigModel.swift; sourceTree = "<group>"; };
/* End PBXFileReference section */

/* Begin PBXFrameworksBuildPhase section */
		7F1E5B9125A2A6FC00426BCD /* Frameworks */ = {
			isa = PBXFrameworksBuildPhase;
			buildActionMask = 2147483647;
			files = (
			);
			runOnlyForDeploymentPostprocessing = 0;
		};
		7F1E5BA725A2A6FC00426BCD /* Frameworks */ = {
			isa = PBXFrameworksBuildPhase;
			buildActionMask = 2147483647;
			files = (
			);
			runOnlyForDeploymentPostprocessing = 0;
		};
		7F1E5BB225A2A6FD00426BCD /* Frameworks */ = {
			isa = PBXFrameworksBuildPhase;
			buildActionMask = 2147483647;
			files = (
			);
			runOnlyForDeploymentPostprocessing = 0;
		};
/* End PBXFrameworksBuildPhase section */

/* Begin PBXGroup section */
		7F1E5B8B25A2A6FC00426BCD = {
			isa = PBXGroup;
			children = (
				7F1E5B9625A2A6FC00426BCD /* NoviceGuideDemo */,
				7F1E5BAD25A2A6FC00426BCD /* NoviceGuideDemoTests */,
				7F1E5BB825A2A6FD00426BCD /* NoviceGuideDemoUITests */,
				7F1E5B9525A2A6FC00426BCD /* Products */,
			);
			sourceTree = "<group>";
		};
		7F1E5B9525A2A6FC00426BCD /* Products */ = {
			isa = PBXGroup;
			children = (
				7F1E5B9425A2A6FC00426BCD /* NoviceGuideDemo.app */,
				7F1E5BAA25A2A6FC00426BCD /* NoviceGuideDemoTests.xctest */,
				7F1E5BB525A2A6FD00426BCD /* NoviceGuideDemoUITests.xctest */,
			);
			name = Products;
			sourceTree = "<group>";
		};
		7F1E5B9625A2A6FC00426BCD /* NoviceGuideDemo */ = {
			isa = PBXGroup;
			children = (
				7F1E5BCA25A2AA3600426BCD /* NoviceGuide */,
				7F1E5B9725A2A6FC00426BCD /* AppDelegate.swift */,
				7F1E5B9925A2A6FC00426BCD /* SceneDelegate.swift */,
				7F1E5B9B25A2A6FC00426BCD /* ViewController.swift */,
				7F1E5B9D25A2A6FC00426BCD /* Main.storyboard */,
				7F1E5BA025A2A6FC00426BCD /* Assets.xcassets */,
				7F1E5BA225A2A6FC00426BCD /* LaunchScreen.storyboard */,
				7F1E5BA525A2A6FC00426BCD /* Info.plist */,
			);
			path = NoviceGuideDemo;
			sourceTree = "<group>";
		};
		7F1E5BAD25A2A6FC00426BCD /* NoviceGuideDemoTests */ = {
			isa = PBXGroup;
			children = (
				7F1E5BAE25A2A6FC00426BCD /* NoviceGuideDemoTests.swift */,
				7F1E5BB025A2A6FC00426BCD /* Info.plist */,
			);
			path = NoviceGuideDemoTests;
			sourceTree = "<group>";
		};
		7F1E5BB825A2A6FD00426BCD /* NoviceGuideDemoUITests */ = {
			isa = PBXGroup;
			children = (
				7F1E5BB925A2A6FD00426BCD /* NoviceGuideDemoUITests.swift */,
				7F1E5BBB25A2A6FD00426BCD /* Info.plist */,
			);
			path = NoviceGuideDemoUITests;
			sourceTree = "<group>";
		};
		7F1E5BCA25A2AA3600426BCD /* NoviceGuide */ = {
			isa = PBXGroup;
			children = (
				7F1E5BD025A2B2DB00426BCD /* Model */,
				7F1E5BCB25A2AA3600426BCD /* HYNoviceGuideManager.swift */,
			);
			path = NoviceGuide;
			sourceTree = "<group>";
		};
		7F1E5BD025A2B2DB00426BCD /* Model */ = {
			isa = PBXGroup;
			children = (
				7F1E5BDE25A2B38B00426BCD /* BaseGuideConfigModel.swift */,
				7F1E5BD125A2B2F400426BCD /* CircularGuideConfigModel.swift */,
				7F1E5BD925A2B31300426BCD /* RectangleGuideConfigModel.swift */,
			);
			path = Model;
			sourceTree = "<group>";
		};
/* End PBXGroup section */

/* Begin PBXNativeTarget section */
		7F1E5B9325A2A6FC00426BCD /* NoviceGuideDemo */ = {
			isa = PBXNativeTarget;
			buildConfigurationList = 7F1E5BBE25A2A6FD00426BCD /* Build configuration list for PBXNativeTarget "NoviceGuideDemo" */;
			buildPhases = (
				7F1E5B9025A2A6FC00426BCD /* Sources */,
				7F1E5B9125A2A6FC00426BCD /* Frameworks */,
				7F1E5B9225A2A6FC00426BCD /* Resources */,
			);
			buildRules = (
			);
			dependencies = (
			);
			name = NoviceGuideDemo;
			productName = NoviceGuideDemo;
			productReference = 7F1E5B9425A2A6FC00426BCD /* NoviceGuideDemo.app */;
			productType = "com.apple.product-type.application";
		};
		7F1E5BA925A2A6FC00426BCD /* NoviceGuideDemoTests */ = {
			isa = PBXNativeTarget;
			buildConfigurationList = 7F1E5BC125A2A6FD00426BCD /* Build configuration list for PBXNativeTarget "NoviceGuideDemoTests" */;
			buildPhases = (
				7F1E5BA625A2A6FC00426BCD /* Sources */,
				7F1E5BA725A2A6FC00426BCD /* Frameworks */,
				7F1E5BA825A2A6FC00426BCD /* Resources */,
			);
			buildRules = (
			);
			dependencies = (
				7F1E5BAC25A2A6FC00426BCD /* PBXTargetDependency */,
			);
			name = NoviceGuideDemoTests;
			productName = NoviceGuideDemoTests;
			productReference = 7F1E5BAA25A2A6FC00426BCD /* NoviceGuideDemoTests.xctest */;
			productType = "com.apple.product-type.bundle.unit-test";
		};
		7F1E5BB425A2A6FD00426BCD /* NoviceGuideDemoUITests */ = {
			isa = PBXNativeTarget;
			buildConfigurationList = 7F1E5BC425A2A6FD00426BCD /* Build configuration list for PBXNativeTarget "NoviceGuideDemoUITests" */;
			buildPhases = (
				7F1E5BB125A2A6FD00426BCD /* Sources */,
				7F1E5BB225A2A6FD00426BCD /* Frameworks */,
				7F1E5BB325A2A6FD00426BCD /* Resources */,
			);
			buildRules = (
			);
			dependencies = (
				7F1E5BB725A2A6FD00426BCD /* PBXTargetDependency */,
			);
			name = NoviceGuideDemoUITests;
			productName = NoviceGuideDemoUITests;
			productReference = 7F1E5BB525A2A6FD00426BCD /* NoviceGuideDemoUITests.xctest */;
			productType = "com.apple.product-type.bundle.ui-testing";
		};
/* End PBXNativeTarget section */

/* Begin PBXProject section */
		7F1E5B8C25A2A6FC00426BCD /* Project object */ = {
			isa = PBXProject;
			attributes = {
				LastSwiftUpdateCheck = 1220;
				LastUpgradeCheck = 1220;
				TargetAttributes = {
					7F1E5B9325A2A6FC00426BCD = {
						CreatedOnToolsVersion = 12.2;
					};
					7F1E5BA925A2A6FC00426BCD = {
						CreatedOnToolsVersion = 12.2;
						TestTargetID = 7F1E5B9325A2A6FC00426BCD;
					};
					7F1E5BB425A2A6FD00426BCD = {
						CreatedOnToolsVersion = 12.2;
						TestTargetID = 7F1E5B9325A2A6FC00426BCD;
					};
				};
			};
			buildConfigurationList = 7F1E5B8F25A2A6FC00426BCD /* Build configuration list for PBXProject "NoviceGuideDemo" */;
			compatibilityVersion = "Xcode 9.3";
			developmentRegion = en;
			hasScannedForEncodings = 0;
			knownRegions = (
				en,
				Base,
			);
			mainGroup = 7F1E5B8B25A2A6FC00426BCD;
			productRefGroup = 7F1E5B9525A2A6FC00426BCD /* Products */;
			projectDirPath = "";
			projectRoot = "";
			targets = (
				7F1E5B9325A2A6FC00426BCD /* NoviceGuideDemo */,
				7F1E5BA925A2A6FC00426BCD /* NoviceGuideDemoTests */,
				7F1E5BB425A2A6FD00426BCD /* NoviceGuideDemoUITests */,
			);
		};
/* End PBXProject section */

/* Begin PBXResourcesBuildPhase section */
		7F1E5B9225A2A6FC00426BCD /* Resources */ = {
			isa = PBXResourcesBuildPhase;
			buildActionMask = 2147483647;
			files = (
				7F1E5BA425A2A6FC00426BCD /* LaunchScreen.storyboard in Resources */,
				7F1E5BA125A2A6FC00426BCD /* Assets.xcassets in Resources */,
				7F1E5B9F25A2A6FC00426BCD /* Main.storyboard in Resources */,
			);
			runOnlyForDeploymentPostprocessing = 0;
		};
		7F1E5BA825A2A6FC00426BCD /* Resources */ = {
			isa = PBXResourcesBuildPhase;
			buildActionMask = 2147483647;
			files = (
			);
			runOnlyForDeploymentPostprocessing = 0;
		};
		7F1E5BB325A2A6FD00426BCD /* Resources */ = {
			isa = PBXResourcesBuildPhase;
			buildActionMask = 2147483647;
			files = (
			);
			runOnlyForDeploymentPostprocessing = 0;
		};
/* End PBXResourcesBuildPhase section */

/* Begin PBXSourcesBuildPhase section */
		7F1E5B9025A2A6FC00426BCD /* Sources */ = {
			isa = PBXSourcesBuildPhase;
			buildActionMask = 2147483647;
			files = (
				7F1E5B9C25A2A6FC00426BCD /* ViewController.swift in Sources */,
				7F1E5BD225A2B2F400426BCD /* CircularGuideConfigModel.swift in Sources */,
				7F1E5BDA25A2B31300426BCD /* RectangleGuideConfigModel.swift in Sources */,
				7F1E5BDF25A2B38B00426BCD /* BaseGuideConfigModel.swift in Sources */,
				7F1E5B9825A2A6FC00426BCD /* AppDelegate.swift in Sources */,
				7F1E5B9A25A2A6FC00426BCD /* SceneDelegate.swift in Sources */,
				7F1E5BCC25A2AA3600426BCD /* HYNoviceGuideManager.swift in Sources */,
			);
			runOnlyForDeploymentPostprocessing = 0;
		};
		7F1E5BA625A2A6FC00426BCD /* Sources */ = {
			isa = PBXSourcesBuildPhase;
			buildActionMask = 2147483647;
			files = (
				7F1E5BAF25A2A6FC00426BCD /* NoviceGuideDemoTests.swift in Sources */,
			);
			runOnlyForDeploymentPostprocessing = 0;
		};
		7F1E5BB125A2A6FD00426BCD /* Sources */ = {
			isa = PBXSourcesBuildPhase;
			buildActionMask = 2147483647;
			files = (
				7F1E5BBA25A2A6FD00426BCD /* NoviceGuideDemoUITests.swift in Sources */,
			);
			runOnlyForDeploymentPostprocessing = 0;
		};
/* End PBXSourcesBuildPhase section */

/* Begin PBXTargetDependency section */
		7F1E5BAC25A2A6FC00426BCD /* PBXTargetDependency */ = {
			isa = PBXTargetDependency;
			target = 7F1E5B9325A2A6FC00426BCD /* NoviceGuideDemo */;
			targetProxy = 7F1E5BAB25A2A6FC00426BCD /* PBXContainerItemProxy */;
		};
		7F1E5BB725A2A6FD00426BCD /* PBXTargetDependency */ = {
			isa = PBXTargetDependency;
			target = 7F1E5B9325A2A6FC00426BCD /* NoviceGuideDemo */;
			targetProxy = 7F1E5BB625A2A6FD00426BCD /* PBXContainerItemProxy */;
		};
/* End PBXTargetDependency section */

/* Begin PBXVariantGroup section */
		7F1E5B9D25A2A6FC00426BCD /* Main.storyboard */ = {
			isa = PBXVariantGroup;
			children = (
				7F1E5B9E25A2A6FC00426BCD /* Base */,
			);
			name = Main.storyboard;
			sourceTree = "<group>";
		};
		7F1E5BA225A2A6FC00426BCD /* LaunchScreen.storyboard */ = {
			isa = PBXVariantGroup;
			children = (
				7F1E5BA325A2A6FC00426BCD /* Base */,
			);
			name = LaunchScreen.storyboard;
			sourceTree = "<group>";
		};
/* End PBXVariantGroup section */

/* Begin XCBuildConfiguration section */
		7F1E5BBC25A2A6FD00426BCD /* Debug */ = {
			isa = XCBuildConfiguration;
			buildSettings = {
				ALWAYS_SEARCH_USER_PATHS = NO;
				CLANG_ANALYZER_NONNULL = YES;
				CLANG_ANALYZER_NUMBER_OBJECT_CONVERSION = YES_AGGRESSIVE;
				CLANG_CXX_LANGUAGE_STANDARD = "gnu++14";
				CLANG_CXX_LIBRARY = "libc++";
				CLANG_ENABLE_MODULES = YES;
				CLANG_ENABLE_OBJC_ARC = YES;
				CLANG_ENABLE_OBJC_WEAK = YES;
				CLANG_WARN_BLOCK_CAPTURE_AUTORELEASING = YES;
				CLANG_WARN_BOOL_CONVERSION = YES;
				CLANG_WARN_COMMA = YES;
				CLANG_WARN_CONSTANT_CONVERSION = YES;
				CLANG_WARN_DEPRECATED_OBJC_IMPLEMENTATIONS = YES;
				CLANG_WARN_DIRECT_OBJC_ISA_USAGE = YES_ERROR;
				CLANG_WARN_DOCUMENTATION_COMMENTS = YES;
				CLANG_WARN_EMPTY_BODY = YES;
				CLANG_WARN_ENUM_CONVERSION = YES;
				CLANG_WARN_INFINITE_RECURSION = YES;
				CLANG_WARN_INT_CONVERSION = YES;
				CLANG_WARN_NON_LITERAL_NULL_CONVERSION = YES;
				CLANG_WARN_OBJC_IMPLICIT_RETAIN_SELF = YES;
				CLANG_WARN_OBJC_LITERAL_CONVERSION = YES;
				CLANG_WARN_OBJC_ROOT_CLASS = YES_ERROR;
				CLANG_WARN_QUOTED_INCLUDE_IN_FRAMEWORK_HEADER = YES;
				CLANG_WARN_RANGE_LOOP_ANALYSIS = YES;
				CLANG_WARN_STRICT_PROTOTYPES = YES;
				CLANG_WARN_SUSPICIOUS_MOVE = YES;
				CLANG_WARN_UNGUARDED_AVAILABILITY = YES_AGGRESSIVE;
				CLANG_WARN_UNREACHABLE_CODE = YES;
				CLANG_WARN__DUPLICATE_METHOD_MATCH = YES;
				COPY_PHASE_STRIP = NO;
				DEBUG_INFORMATION_FORMAT = dwarf;
				ENABLE_STRICT_OBJC_MSGSEND = YES;
				ENABLE_TESTABILITY = YES;
				GCC_C_LANGUAGE_STANDARD = gnu11;
				GCC_DYNAMIC_NO_PIC = NO;
				GCC_NO_COMMON_BLOCKS = YES;
				GCC_OPTIMIZATION_LEVEL = 0;
				GCC_PREPROCESSOR_DEFINITIONS = (
					"DEBUG=1",
					"$(inherited)",
				);
				GCC_WARN_64_TO_32_BIT_CONVERSION = YES;
				GCC_WARN_ABOUT_RETURN_TYPE = YES_ERROR;
				GCC_WARN_UNDECLARED_SELECTOR = YES;
				GCC_WARN_UNINITIALIZED_AUTOS = YES_AGGRESSIVE;
				GCC_WARN_UNUSED_FUNCTION = YES;
				GCC_WARN_UNUSED_VARIABLE = YES;
				IPHONEOS_DEPLOYMENT_TARGET = 14.2;
				MTL_ENABLE_DEBUG_INFO = INCLUDE_SOURCE;
				MTL_FAST_MATH = YES;
				ONLY_ACTIVE_ARCH = YES;
				SDKROOT = iphoneos;
				SWIFT_ACTIVE_COMPILATION_CONDITIONS = DEBUG;
				SWIFT_OPTIMIZATION_LEVEL = "-Onone";
			};
			name = Debug;
		};
		7F1E5BBD25A2A6FD00426BCD /* Release */ = {
			isa = XCBuildConfiguration;
			buildSettings = {
				ALWAYS_SEARCH_USER_PATHS = NO;
				CLANG_ANALYZER_NONNULL = YES;
				CLANG_ANALYZER_NUMBER_OBJECT_CONVERSION = YES_AGGRESSIVE;
				CLANG_CXX_LANGUAGE_STANDARD = "gnu++14";
				CLANG_CXX_LIBRARY = "libc++";
				CLANG_ENABLE_MODULES = YES;
				CLANG_ENABLE_OBJC_ARC = YES;
				CLANG_ENABLE_OBJC_WEAK = YES;
				CLANG_WARN_BLOCK_CAPTURE_AUTORELEASING = YES;
				CLANG_WARN_BOOL_CONVERSION = YES;
				CLANG_WARN_COMMA = YES;
				CLANG_WARN_CONSTANT_CONVERSION = YES;
				CLANG_WARN_DEPRECATED_OBJC_IMPLEMENTATIONS = YES;
				CLANG_WARN_DIRECT_OBJC_ISA_USAGE = YES_ERROR;
				CLANG_WARN_DOCUMENTATION_COMMENTS = YES;
				CLANG_WARN_EMPTY_BODY = YES;
				CLANG_WARN_ENUM_CONVERSION = YES;
				CLANG_WARN_INFINITE_RECURSION = YES;
				CLANG_WARN_INT_CONVERSION = YES;
				CLANG_WARN_NON_LITERAL_NULL_CONVERSION = YES;
				CLANG_WARN_OBJC_IMPLICIT_RETAIN_SELF = YES;
				CLANG_WARN_OBJC_LITERAL_CONVERSION = YES;
				CLANG_WARN_OBJC_ROOT_CLASS = YES_ERROR;
				CLANG_WARN_QUOTED_INCLUDE_IN_FRAMEWORK_HEADER = YES;
				CLANG_WARN_RANGE_LOOP_ANALYSIS = YES;
				CLANG_WARN_STRICT_PROTOTYPES = YES;
				CLANG_WARN_SUSPICIOUS_MOVE = YES;
				CLANG_WARN_UNGUARDED_AVAILABILITY = YES_AGGRESSIVE;
				CLANG_WARN_UNREACHABLE_CODE = YES;
				CLANG_WARN__DUPLICATE_METHOD_MATCH = YES;
				COPY_PHASE_STRIP = NO;
				DEBUG_INFORMATION_FORMAT = "dwarf-with-dsym";
				ENABLE_NS_ASSERTIONS = NO;
				ENABLE_STRICT_OBJC_MSGSEND = YES;
				GCC_C_LANGUAGE_STANDARD = gnu11;
				GCC_NO_COMMON_BLOCKS = YES;
				GCC_WARN_64_TO_32_BIT_CONVERSION = YES;
				GCC_WARN_ABOUT_RETURN_TYPE = YES_ERROR;
				GCC_WARN_UNDECLARED_SELECTOR = YES;
				GCC_WARN_UNINITIALIZED_AUTOS = YES_AGGRESSIVE;
				GCC_WARN_UNUSED_FUNCTION = YES;
				GCC_WARN_UNUSED_VARIABLE = YES;
				IPHONEOS_DEPLOYMENT_TARGET = 14.2;
				MTL_ENABLE_DEBUG_INFO = NO;
				MTL_FAST_MATH = YES;
				SDKROOT = iphoneos;
				SWIFT_COMPILATION_MODE = wholemodule;
				SWIFT_OPTIMIZATION_LEVEL = "-O";
				VALIDATE_PRODUCT = YES;
			};
			name = Release;
		};
		7F1E5BBF25A2A6FD00426BCD /* Debug */ = {
			isa = XCBuildConfiguration;
			buildSettings = {
				ASSETCATALOG_COMPILER_APPICON_NAME = AppIcon;
				ASSETCATALOG_COMPILER_GLOBAL_ACCENT_COLOR_NAME = AccentColor;
				CODE_SIGN_STYLE = Automatic;
				DEVELOPMENT_TEAM = F9CH6W45WX;
				INFOPLIST_FILE = NoviceGuideDemo/Info.plist;
				LD_RUNPATH_SEARCH_PATHS = (
					"$(inherited)",
					"@executable_path/Frameworks",
				);
				PRODUCT_BUNDLE_IDENTIFIER = E.NoviceGuideDemo;
				PRODUCT_NAME = "$(TARGET_NAME)";
				SWIFT_VERSION = 5.0;
				TARGETED_DEVICE_FAMILY = "1,2";
			};
			name = Debug;
		};
		7F1E5BC025A2A6FD00426BCD /* Release */ = {
			isa = XCBuildConfiguration;
			buildSettings = {
				ASSETCATALOG_COMPILER_APPICON_NAME = AppIcon;
				ASSETCATALOG_COMPILER_GLOBAL_ACCENT_COLOR_NAME = AccentColor;
				CODE_SIGN_STYLE = Automatic;
				DEVELOPMENT_TEAM = F9CH6W45WX;
				INFOPLIST_FILE = NoviceGuideDemo/Info.plist;
				LD_RUNPATH_SEARCH_PATHS = (
					"$(inherited)",
					"@executable_path/Frameworks",
				);
				PRODUCT_BUNDLE_IDENTIFIER = E.NoviceGuideDemo;
				PRODUCT_NAME = "$(TARGET_NAME)";
				SWIFT_VERSION = 5.0;
				TARGETED_DEVICE_FAMILY = "1,2";
			};
			name = Release;
		};
		7F1E5BC225A2A6FD00426BCD /* Debug */ = {
			isa = XCBuildConfiguration;
			buildSettings = {
				ALWAYS_EMBED_SWIFT_STANDARD_LIBRARIES = YES;
				BUNDLE_LOADER = "$(TEST_HOST)";
				CODE_SIGN_STYLE = Automatic;
				DEVELOPMENT_TEAM = F9CH6W45WX;
				INFOPLIST_FILE = NoviceGuideDemoTests/Info.plist;
				IPHONEOS_DEPLOYMENT_TARGET = 14.2;
				LD_RUNPATH_SEARCH_PATHS = (
					"$(inherited)",
					"@executable_path/Frameworks",
					"@loader_path/Frameworks",
				);
				PRODUCT_BUNDLE_IDENTIFIER = E.NoviceGuideDemoTests;
				PRODUCT_NAME = "$(TARGET_NAME)";
				SWIFT_VERSION = 5.0;
				TARGETED_DEVICE_FAMILY = "1,2";
				TEST_HOST = "$(BUILT_PRODUCTS_DIR)/NoviceGuideDemo.app/NoviceGuideDemo";
			};
			name = Debug;
		};
		7F1E5BC325A2A6FD00426BCD /* Release */ = {
			isa = XCBuildConfiguration;
			buildSettings = {
				ALWAYS_EMBED_SWIFT_STANDARD_LIBRARIES = YES;
				BUNDLE_LOADER = "$(TEST_HOST)";
				CODE_SIGN_STYLE = Automatic;
				DEVELOPMENT_TEAM = F9CH6W45WX;
				INFOPLIST_FILE = NoviceGuideDemoTests/Info.plist;
				IPHONEOS_DEPLOYMENT_TARGET = 14.2;
				LD_RUNPATH_SEARCH_PATHS = (
					"$(inherited)",
					"@executable_path/Frameworks",
					"@loader_path/Frameworks",
				);
				PRODUCT_BUNDLE_IDENTIFIER = E.NoviceGuideDemoTests;
				PRODUCT_NAME = "$(TARGET_NAME)";
				SWIFT_VERSION = 5.0;
				TARGETED_DEVICE_FAMILY = "1,2";
				TEST_HOST = "$(BUILT_PRODUCTS_DIR)/NoviceGuideDemo.app/NoviceGuideDemo";
			};
			name = Release;
		};
		7F1E5BC525A2A6FD00426BCD /* Debug */ = {
			isa = XCBuildConfiguration;
			buildSettings = {
				ALWAYS_EMBED_SWIFT_STANDARD_LIBRARIES = YES;
				CODE_SIGN_STYLE = Automatic;
				DEVELOPMENT_TEAM = F9CH6W45WX;
				INFOPLIST_FILE = NoviceGuideDemoUITests/Info.plist;
				LD_RUNPATH_SEARCH_PATHS = (
					"$(inherited)",
					"@executable_path/Frameworks",
					"@loader_path/Frameworks",
				);
				PRODUCT_BUNDLE_IDENTIFIER = E.NoviceGuideDemoUITests;
				PRODUCT_NAME = "$(TARGET_NAME)";
				SWIFT_VERSION = 5.0;
				TARGETED_DEVICE_FAMILY = "1,2";
				TEST_TARGET_NAME = NoviceGuideDemo;
			};
			name = Debug;
		};
		7F1E5BC625A2A6FD00426BCD /* Release */ = {
			isa = XCBuildConfiguration;
			buildSettings = {
				ALWAYS_EMBED_SWIFT_STANDARD_LIBRARIES = YES;
				CODE_SIGN_STYLE = Automatic;
				DEVELOPMENT_TEAM = F9CH6W45WX;
				INFOPLIST_FILE = NoviceGuideDemoUITests/Info.plist;
				LD_RUNPATH_SEARCH_PATHS = (
					"$(inherited)",
					"@executable_path/Frameworks",
					"@loader_path/Frameworks",
				);
				PRODUCT_BUNDLE_IDENTIFIER = E.NoviceGuideDemoUITests;
				PRODUCT_NAME = "$(TARGET_NAME)";
				SWIFT_VERSION = 5.0;
				TARGETED_DEVICE_FAMILY = "1,2";
				TEST_TARGET_NAME = NoviceGuideDemo;
			};
			name = Release;
		};
/* End XCBuildConfiguration section */

/* Begin XCConfigurationList section */
		7F1E5B8F25A2A6FC00426BCD /* Build configuration list for PBXProject "NoviceGuideDemo" */ = {
			isa = XCConfigurationList;
			buildConfigurations = (
				7F1E5BBC25A2A6FD00426BCD /* Debug */,
				7F1E5BBD25A2A6FD00426BCD /* Release */,
			);
			defaultConfigurationIsVisible = 0;
			defaultConfigurationName = Release;
		};
		7F1E5BBE25A2A6FD00426BCD /* Build configuration list for PBXNativeTarget "NoviceGuideDemo" */ = {
			isa = XCConfigurationList;
			buildConfigurations = (
				7F1E5BBF25A2A6FD00426BCD /* Debug */,
				7F1E5BC025A2A6FD00426BCD /* Release */,
			);
			defaultConfigurationIsVisible = 0;
			defaultConfigurationName = Release;
		};
		7F1E5BC125A2A6FD00426BCD /* Build configuration list for PBXNativeTarget "NoviceGuideDemoTests" */ = {
			isa = XCConfigurationList;
			buildConfigurations = (
				7F1E5BC225A2A6FD00426BCD /* Debug */,
				7F1E5BC325A2A6FD00426BCD /* Release */,
			);
			defaultConfigurationIsVisible = 0;
			defaultConfigurationName = Release;
		};
		7F1E5BC425A2A6FD00426BCD /* Build configuration list for PBXNativeTarget "NoviceGuideDemoUITests" */ = {
			isa = XCConfigurationList;
			buildConfigurations = (
				7F1E5BC525A2A6FD00426BCD /* Debug */,
				7F1E5BC625A2A6FD00426BCD /* Release */,
			);
			defaultConfigurationIsVisible = 0;
			defaultConfigurationName = Release;
		};
/* End XCConfigurationList section */
	};
	rootObject = 7F1E5B8C25A2A6FC00426BCD /* Project object */;
}
